
Microsoft Visual Studio Solution File, Format Version 12.00
# Visual Studio 15
VisualStudioVersion = 15.0.28010.2050
MinimumVisualStudioVersion = 10.0.40219.1
Project("{FAE04EC0-301F-11D3-BF4B-00C04F79EFBC}") = "VEWebVideoRedirectService", "VEWebVideoService\VEWebVideoRedirectService.csproj", "{E96D2B0D-BD99-4E35-95A4-4463A770104C}"
EndProject
Project("{FAE04EC0-301F-11D3-BF4B-00C04F79EFBC}") = "HttpTest", "HttpTest\HttpTest.csproj", "{2C1DACF1-6079-4430-A5F7-B200398EE414}"
EndProject
Project("{FAE04EC0-301F-11D3-BF4B-00C04F79EFBC}") = "TargetServiceTest", "TargetServiceTest\TargetServiceTest.csproj", "{31239441-81D4-4F74-8645-023EF301BA01}"
EndProject
Project("{FAE04EC0-301F-11D3-BF4B-00C04F79EFBC}") = "VEWebVideoTerminalService", "TerminalWebVideoService\VEWebVideoTerminalService.csproj", "{7A87C819-DF2B-406A-8BDC-70C57AD61F88}"
EndProject
Project("{FAE04EC0-301F-11D3-BF4B-00C04F79EFBC}") = "VEWebUrlRedirectService", "VEWebUrlRedirectService\VEWebUrlRedirectService.csproj", "{B659E8FA-7F9C-4C36-8AA9-E4796E09B14B}"
	ProjectSection(ProjectDependencies) = postProject
		{C49588C6-DB55-4B73-A238-0803C40EACBD} = {C49588C6-DB55-4B73-A238-0803C40EACBD}
		{667DA2ED-36E7-4BFC-AAFD-5E0F24F8918F} = {667DA2ED-36E7-4BFC-AAFD-5E0F24F8918F}
	EndProjectSection
EndProject
Project("{FAE04EC0-301F-11D3-BF4B-00C04F79EFBC}") = "VEDnsControl", "VEDnsControl\VEDnsControl.csproj", "{667DA2ED-36E7-4BFC-AAFD-5E0F24F8918F}"
EndProject
Project("{FAE04EC0-301F-11D3-BF4B-00C04F79EFBC}") = "ModifyRegKey", "ModifyRegKey\ModifyRegKey.csproj", "{C49588C6-DB55-4B73-A238-0803C40EACBD}"
EndProject
Global
	GlobalSection(SolutionConfigurationPlatforms) = preSolution
		CD_ROM|Any CPU = CD_ROM|Any CPU
		CD_ROM|x64 = CD_ROM|x64
		CD_ROM|x86 = CD_ROM|x86
		Debug|Any CPU = Debug|Any CPU
		Debug|x64 = Debug|x64
		Debug|x86 = Debug|x86
		DVD-5|Any CPU = DVD-5|Any CPU
		DVD-5|x64 = DVD-5|x64
		DVD-5|x86 = DVD-5|x86
		Release|Any CPU = Release|Any CPU
		Release|x64 = Release|x64
		Release|x86 = Release|x86
		SingleImage|Any CPU = SingleImage|Any CPU
		SingleImage|x64 = SingleImage|x64
		SingleImage|x86 = SingleImage|x86
	EndGlobalSection
	GlobalSection(ProjectConfigurationPlatforms) = postSolution
		{E96D2B0D-BD99-4E35-95A4-4463A770104C}.CD_ROM|Any CPU.ActiveCfg = Release|Any CPU
		{E96D2B0D-BD99-4E35-95A4-4463A770104C}.CD_ROM|Any CPU.Build.0 = Release|Any CPU
		{E96D2B0D-BD99-4E35-95A4-4463A770104C}.CD_ROM|x64.ActiveCfg = Debug|Any CPU
		{E96D2B0D-BD99-4E35-95A4-4463A770104C}.CD_ROM|x64.Build.0 = Debug|Any CPU
		{E96D2B0D-BD99-4E35-95A4-4463A770104C}.CD_ROM|x86.ActiveCfg = Debug|Any CPU
		{E96D2B0D-BD99-4E35-95A4-4463A770104C}.CD_ROM|x86.Build.0 = Debug|Any CPU
		{E96D2B0D-BD99-4E35-95A4-4463A770104C}.Debug|Any CPU.ActiveCfg = Debug|Any CPU
		{E96D2B0D-BD99-4E35-95A4-4463A770104C}.Debug|Any CPU.Build.0 = Debug|Any CPU
		{E96D2B0D-BD99-4E35-95A4-4463A770104C}.Debug|x64.ActiveCfg = Debug|Any CPU
		{E96D2B0D-BD99-4E35-95A4-4463A770104C}.Debug|x64.Build.0 = Debug|Any CPU
		{E96D2B0D-BD99-4E35-95A4-4463A770104C}.Debug|x86.ActiveCfg = Debug|Any CPU
		{E96D2B0D-BD99-4E35-95A4-4463A770104C}.Debug|x86.Build.0 = Debug|Any CPU
		{E96D2B0D-BD99-4E35-95A4-4463A770104C}.DVD-5|Any CPU.ActiveCfg = Debug|Any CPU
		{E96D2B0D-BD99-4E35-95A4-4463A770104C}.DVD-5|Any CPU.Build.0 = Debug|Any CPU
		{E96D2B0D-BD99-4E35-95A4-4463A770104C}.DVD-5|x64.ActiveCfg = Debug|Any CPU
		{E96D2B0D-BD99-4E35-95A4-4463A770104C}.DVD-5|x64.Build.0 = Debug|Any CPU
		{E96D2B0D-BD99-4E35-95A4-4463A770104C}.DVD-5|x86.ActiveCfg = Debug|Any CPU
		{E96D2B0D-BD99-4E35-95A4-4463A770104C}.DVD-5|x86.Build.0 = Debug|Any CPU
		{E96D2B0D-BD99-4E35-95A4-4463A770104C}.Release|Any CPU.ActiveCfg = Release|Any CPU
		{E96D2B0D-BD99-4E35-95A4-4463A770104C}.Release|Any CPU.Build.0 = Release|Any CPU
		{E96D2B0D-BD99-4E35-95A4-4463A770104C}.Release|x64.ActiveCfg = Release|Any CPU
		{E96D2B0D-BD99-4E35-95A4-4463A770104C}.Release|x64.Build.0 = Release|Any CPU
		{E96D2B0D-BD99-4E35-95A4-4463A770104C}.Release|x86.ActiveCfg = Release|Any CPU
		{E96D2B0D-BD99-4E35-95A4-4463A770104C}.Release|x86.Build.0 = Release|Any CPU
		{E96D2B0D-BD99-4E35-95A4-4463A770104C}.SingleImage|Any CPU.ActiveCfg = Release|Any CPU
		{E96D2B0D-BD99-4E35-95A4-4463A770104C}.SingleImage|Any CPU.Build.0 = Release|Any CPU
		{E96D2B0D-BD99-4E35-95A4-4463A770104C}.SingleImage|x64.ActiveCfg = Debug|Any CPU
		{E96D2B0D-BD99-4E35-95A4-4463A770104C}.SingleImage|x64.Build.0 = Debug|Any CPU
		{E96D2B0D-BD99-4E35-95A4-4463A770104C}.SingleImage|x86.ActiveCfg = Debug|Any CPU
		{E96D2B0D-BD99-4E35-95A4-4463A770104C}.SingleImage|x86.Build.0 = Debug|Any CPU
		{2C1DACF1-6079-4430-A5F7-B200398EE414}.CD_ROM|Any CPU.ActiveCfg = Release|Any CPU
		{2C1DACF1-6079-4430-A5F7-B200398EE414}.CD_ROM|Any CPU.Build.0 = Release|Any CPU
		{2C1DACF1-6079-4430-A5F7-B200398EE414}.CD_ROM|x64.ActiveCfg = Debug|Any CPU
		{2C1DACF1-6079-4430-A5F7-B200398EE414}.CD_ROM|x64.Build.0 = Debug|Any CPU
		{2C1DACF1-6079-4430-A5F7-B200398EE414}.CD_ROM|x86.ActiveCfg = Debug|Any CPU
		{2C1DACF1-6079-4430-A5F7-B200398EE414}.CD_ROM|x86.Build.0 = Debug|Any CPU
		{2C1DACF1-6079-4430-A5F7-B200398EE414}.Debug|Any CPU.ActiveCfg = Debug|Any CPU
		{2C1DACF1-6079-4430-A5F7-B200398EE414}.Debug|Any CPU.Build.0 = Debug|Any CPU
		{2C1DACF1-6079-4430-A5F7-B200398EE414}.Debug|x64.ActiveCfg = Debug|Any CPU
		{2C1DACF1-6079-4430-A5F7-B200398EE414}.Debug|x64.Build.0 = Debug|Any CPU
		{2C1DACF1-6079-4430-A5F7-B200398EE414}.Debug|x86.ActiveCfg = Debug|Any CPU
		{2C1DACF1-6079-4430-A5F7-B200398EE414}.Debug|x86.Build.0 = Debug|Any CPU
		{2C1DACF1-6079-4430-A5F7-B200398EE414}.DVD-5|Any CPU.ActiveCfg = Debug|Any CPU
		{2C1DACF1-6079-4430-A5F7-B200398EE414}.DVD-5|Any CPU.Build.0 = Debug|Any CPU
		{2C1DACF1-6079-4430-A5F7-B200398EE414}.DVD-5|x64.ActiveCfg = Debug|Any CPU
		{2C1DACF1-6079-4430-A5F7-B200398EE414}.DVD-5|x64.Build.0 = Debug|Any CPU
		{2C1DACF1-6079-4430-A5F7-B200398EE414}.DVD-5|x86.ActiveCfg = Debug|Any CPU
		{2C1DACF1-6079-4430-A5F7-B200398EE414}.DVD-5|x86.Build.0 = Debug|Any CPU
		{2C1DACF1-6079-4430-A5F7-B200398EE414}.Release|Any CPU.ActiveCfg = Release|Any CPU
		{2C1DACF1-6079-4430-A5F7-B200398EE414}.Release|Any CPU.Build.0 = Release|Any CPU
		{2C1DACF1-6079-4430-A5F7-B200398EE414}.Release|x64.ActiveCfg = Release|Any CPU
		{2C1DACF1-6079-4430-A5F7-B200398EE414}.Release|x64.Build.0 = Release|Any CPU
		{2C1DACF1-6079-4430-A5F7-B200398EE414}.Release|x86.ActiveCfg = Release|Any CPU
		{2C1DACF1-6079-4430-A5F7-B200398EE414}.Release|x86.Build.0 = Release|Any CPU
		{2C1DACF1-6079-4430-A5F7-B200398EE414}.SingleImage|Any CPU.ActiveCfg = Release|Any CPU
		{2C1DACF1-6079-4430-A5F7-B200398EE414}.SingleImage|Any CPU.Build.0 = Release|Any CPU
		{2C1DACF1-6079-4430-A5F7-B200398EE414}.SingleImage|x64.ActiveCfg = Debug|Any CPU
		{2C1DACF1-6079-4430-A5F7-B200398EE414}.SingleImage|x64.Build.0 = Debug|Any CPU
		{2C1DACF1-6079-4430-A5F7-B200398EE414}.SingleImage|x86.ActiveCfg = Debug|Any CPU
		{2C1DACF1-6079-4430-A5F7-B200398EE414}.SingleImage|x86.Build.0 = Debug|Any CPU
		{31239441-81D4-4F74-8645-023EF301BA01}.CD_ROM|Any CPU.ActiveCfg = Release|Any CPU
		{31239441-81D4-4F74-8645-023EF301BA01}.CD_ROM|Any CPU.Build.0 = Release|Any CPU
		{31239441-81D4-4F74-8645-023EF301BA01}.CD_ROM|x64.ActiveCfg = Debug|Any CPU
		{31239441-81D4-4F74-8645-023EF301BA01}.CD_ROM|x64.Build.0 = Debug|Any CPU
		{31239441-81D4-4F74-8645-023EF301BA01}.CD_ROM|x86.ActiveCfg = Debug|Any CPU
		{31239441-81D4-4F74-8645-023EF301BA01}.CD_ROM|x86.Build.0 = Debug|Any CPU
		{31239441-81D4-4F74-8645-023EF301BA01}.Debug|Any CPU.ActiveCfg = Debug|Any CPU
		{31239441-81D4-4F74-8645-023EF301BA01}.Debug|Any CPU.Build.0 = Debug|Any CPU
		{31239441-81D4-4F74-8645-023EF301BA01}.Debug|x64.ActiveCfg = Debug|Any CPU
		{31239441-81D4-4F74-8645-023EF301BA01}.Debug|x64.Build.0 = Debug|Any CPU
		{31239441-81D4-4F74-8645-023EF301BA01}.Debug|x86.ActiveCfg = Debug|Any CPU
		{31239441-81D4-4F74-8645-023EF301BA01}.Debug|x86.Build.0 = Debug|Any CPU
		{31239441-81D4-4F74-8645-023EF301BA01}.DVD-5|Any CPU.ActiveCfg = Debug|Any CPU
		{31239441-81D4-4F74-8645-023EF301BA01}.DVD-5|Any CPU.Build.0 = Debug|Any CPU
		{31239441-81D4-4F74-8645-023EF301BA01}.DVD-5|x64.ActiveCfg = Debug|Any CPU
		{31239441-81D4-4F74-8645-023EF301BA01}.DVD-5|x64.Build.0 = Debug|Any CPU
		{31239441-81D4-4F74-8645-023EF301BA01}.DVD-5|x86.ActiveCfg = Debug|Any CPU
		{31239441-81D4-4F74-8645-023EF301BA01}.DVD-5|x86.Build.0 = Debug|Any CPU
		{31239441-81D4-4F74-8645-023EF301BA01}.Release|Any CPU.ActiveCfg = Release|Any CPU
		{31239441-81D4-4F74-8645-023EF301BA01}.Release|Any CPU.Build.0 = Release|Any CPU
		{31239441-81D4-4F74-8645-023EF301BA01}.Release|x64.ActiveCfg = Release|Any CPU
		{31239441-81D4-4F74-8645-023EF301BA01}.Release|x64.Build.0 = Release|Any CPU
		{31239441-81D4-4F74-8645-023EF301BA01}.Release|x86.ActiveCfg = Release|Any CPU
		{31239441-81D4-4F74-8645-023EF301BA01}.Release|x86.Build.0 = Release|Any CPU
		{31239441-81D4-4F74-8645-023EF301BA01}.SingleImage|Any CPU.ActiveCfg = Release|Any CPU
		{31239441-81D4-4F74-8645-023EF301BA01}.SingleImage|Any CPU.Build.0 = Release|Any CPU
		{31239441-81D4-4F74-8645-023EF301BA01}.SingleImage|x64.ActiveCfg = Debug|Any CPU
		{31239441-81D4-4F74-8645-023EF301BA01}.SingleImage|x64.Build.0 = Debug|Any CPU
		{31239441-81D4-4F74-8645-023EF301BA01}.SingleImage|x86.ActiveCfg = Debug|Any CPU
		{31239441-81D4-4F74-8645-023EF301BA01}.SingleImage|x86.Build.0 = Debug|Any CPU
		{7A87C819-DF2B-406A-8BDC-70C57AD61F88}.CD_ROM|Any CPU.ActiveCfg = Release|Any CPU
		{7A87C819-DF2B-406A-8BDC-70C57AD61F88}.CD_ROM|Any CPU.Build.0 = Release|Any CPU
		{7A87C819-DF2B-406A-8BDC-70C57AD61F88}.CD_ROM|x64.ActiveCfg = Debug|Any CPU
		{7A87C819-DF2B-406A-8BDC-70C57AD61F88}.CD_ROM|x64.Build.0 = Debug|Any CPU
		{7A87C819-DF2B-406A-8BDC-70C57AD61F88}.CD_ROM|x86.ActiveCfg = Debug|Any CPU
		{7A87C819-DF2B-406A-8BDC-70C57AD61F88}.CD_ROM|x86.Build.0 = Debug|Any CPU
		{7A87C819-DF2B-406A-8BDC-70C57AD61F88}.Debug|Any CPU.ActiveCfg = Debug|Any CPU
		{7A87C819-DF2B-406A-8BDC-70C57AD61F88}.Debug|Any CPU.Build.0 = Debug|Any CPU
		{7A87C819-DF2B-406A-8BDC-70C57AD61F88}.Debug|x64.ActiveCfg = Debug|Any CPU
		{7A87C819-DF2B-406A-8BDC-70C57AD61F88}.Debug|x64.Build.0 = Debug|Any CPU
		{7A87C819-DF2B-406A-8BDC-70C57AD61F88}.Debug|x86.ActiveCfg = Debug|Any CPU
		{7A87C819-DF2B-406A-8BDC-70C57AD61F88}.Debug|x86.Build.0 = Debug|Any CPU
		{7A87C819-DF2B-406A-8BDC-70C57AD61F88}.DVD-5|Any CPU.ActiveCfg = Debug|Any CPU
		{7A87C819-DF2B-406A-8BDC-70C57AD61F88}.DVD-5|Any CPU.Build.0 = Debug|Any CPU
		{7A87C819-DF2B-406A-8BDC-70C57AD61F88}.DVD-5|x64.ActiveCfg = Debug|Any CPU
		{7A87C819-DF2B-406A-8BDC-70C57AD61F88}.DVD-5|x64.Build.0 = Debug|Any CPU
		{7A87C819-DF2B-406A-8BDC-70C57AD61F88}.DVD-5|x86.ActiveCfg = Debug|Any CPU
		{7A87C819-DF2B-406A-8BDC-70C57AD61F88}.DVD-5|x86.Build.0 = Debug|Any CPU
		{7A87C819-DF2B-406A-8BDC-70C57AD61F88}.Release|Any CPU.ActiveCfg = Release|Any CPU
		{7A87C819-DF2B-406A-8BDC-70C57AD61F88}.Release|Any CPU.Build.0 = Release|Any CPU
		{7A87C819-DF2B-406A-8BDC-70C57AD61F88}.Release|x64.ActiveCfg = Release|Any CPU
		{7A87C819-DF2B-406A-8BDC-70C57AD61F88}.Release|x64.Build.0 = Release|Any CPU
		{7A87C819-DF2B-406A-8BDC-70C57AD61F88}.Release|x86.ActiveCfg = Release|Any CPU
		{7A87C819-DF2B-406A-8BDC-70C57AD61F88}.Release|x86.Build.0 = Release|Any CPU
		{7A87C819-DF2B-406A-8BDC-70C57AD61F88}.SingleImage|Any CPU.ActiveCfg = Release|Any CPU
		{7A87C819-DF2B-406A-8BDC-70C57AD61F88}.SingleImage|Any CPU.Build.0 = Release|Any CPU
		{7A87C819-DF2B-406A-8BDC-70C57AD61F88}.SingleImage|x64.ActiveCfg = Debug|Any CPU
		{7A87C819-DF2B-406A-8BDC-70C57AD61F88}.SingleImage|x64.Build.0 = Debug|Any CPU
		{7A87C819-DF2B-406A-8BDC-70C57AD61F88}.SingleImage|x86.ActiveCfg = Debug|Any CPU
		{7A87C819-DF2B-406A-8BDC-70C57AD61F88}.SingleImage|x86.Build.0 = Debug|Any CPU
		{B659E8FA-7F9C-4C36-8AA9-E4796E09B14B}.CD_ROM|Any CPU.ActiveCfg = Release|Any CPU
		{B659E8FA-7F9C-4C36-8AA9-E4796E09B14B}.CD_ROM|Any CPU.Build.0 = Release|Any CPU
		{B659E8FA-7F9C-4C36-8AA9-E4796E09B14B}.CD_ROM|x64.ActiveCfg = Release|Any CPU
		{B659E8FA-7F9C-4C36-8AA9-E4796E09B14B}.CD_ROM|x64.Build.0 = Release|Any CPU
		{B659E8FA-7F9C-4C36-8AA9-E4796E09B14B}.CD_ROM|x86.ActiveCfg = Release|Any CPU
		{B659E8FA-7F9C-4C36-8AA9-E4796E09B14B}.CD_ROM|x86.Build.0 = Release|Any CPU
		{B659E8FA-7F9C-4C36-8AA9-E4796E09B14B}.Debug|Any CPU.ActiveCfg = Debug|Any CPU
		{B659E8FA-7F9C-4C36-8AA9-E4796E09B14B}.Debug|Any CPU.Build.0 = Debug|Any CPU
		{B659E8FA-7F9C-4C36-8AA9-E4796E09B14B}.Debug|x64.ActiveCfg = Debug|Any CPU
		{B659E8FA-7F9C-4C36-8AA9-E4796E09B14B}.Debug|x64.Build.0 = Debug|Any CPU
		{B659E8FA-7F9C-4C36-8AA9-E4796E09B14B}.Debug|x86.ActiveCfg = Debug|Any CPU
		{B659E8FA-7F9C-4C36-8AA9-E4796E09B14B}.Debug|x86.Build.0 = Debug|Any CPU
		{B659E8FA-7F9C-4C36-8AA9-E4796E09B14B}.DVD-5|Any CPU.ActiveCfg = Debug|Any CPU
		{B659E8FA-7F9C-4C36-8AA9-E4796E09B14B}.DVD-5|Any CPU.Build.0 = Debug|Any CPU
		{B659E8FA-7F9C-4C36-8AA9-E4796E09B14B}.DVD-5|x64.ActiveCfg = Debug|Any CPU
		{B659E8FA-7F9C-4C36-8AA9-E4796E09B14B}.DVD-5|x64.Build.0 = Debug|Any CPU
		{B659E8FA-7F9C-4C36-8AA9-E4796E09B14B}.DVD-5|x86.ActiveCfg = Debug|Any CPU
		{B659E8FA-7F9C-4C36-8AA9-E4796E09B14B}.DVD-5|x86.Build.0 = Debug|Any CPU
		{B659E8FA-7F9C-4C36-8AA9-E4796E09B14B}.Release|Any CPU.ActiveCfg = Release|Any CPU
		{B659E8FA-7F9C-4C36-8AA9-E4796E09B14B}.Release|Any CPU.Build.0 = Release|Any CPU
		{B659E8FA-7F9C-4C36-8AA9-E4796E09B14B}.Release|x64.ActiveCfg = Release|Any CPU
		{B659E8FA-7F9C-4C36-8AA9-E4796E09B14B}.Release|x64.Build.0 = Release|Any CPU
		{B659E8FA-7F9C-4C36-8AA9-E4796E09B14B}.Release|x86.ActiveCfg = Release|Any CPU
		{B659E8FA-7F9C-4C36-8AA9-E4796E09B14B}.Release|x86.Build.0 = Release|Any CPU
		{B659E8FA-7F9C-4C36-8AA9-E4796E09B14B}.SingleImage|Any CPU.ActiveCfg = Release|Any CPU
		{B659E8FA-7F9C-4C36-8AA9-E4796E09B14B}.SingleImage|Any CPU.Build.0 = Release|Any CPU
		{B659E8FA-7F9C-4C36-8AA9-E4796E09B14B}.SingleImage|x64.ActiveCfg = Release|Any CPU
		{B659E8FA-7F9C-4C36-8AA9-E4796E09B14B}.SingleImage|x64.Build.0 = Release|Any CPU
		{B659E8FA-7F9C-4C36-8AA9-E4796E09B14B}.SingleImage|x86.ActiveCfg = Release|Any CPU
		{B659E8FA-7F9C-4C36-8AA9-E4796E09B14B}.SingleImage|x86.Build.0 = Release|Any CPU
		{667DA2ED-36E7-4BFC-AAFD-5E0F24F8918F}.CD_ROM|Any CPU.ActiveCfg = Release|Any CPU
		{667DA2ED-36E7-4BFC-AAFD-5E0F24F8918F}.CD_ROM|Any CPU.Build.0 = Release|Any CPU
		{667DA2ED-36E7-4BFC-AAFD-5E0F24F8918F}.CD_ROM|x64.ActiveCfg = Release|Any CPU
		{667DA2ED-36E7-4BFC-AAFD-5E0F24F8918F}.CD_ROM|x64.Build.0 = Release|Any CPU
		{667DA2ED-36E7-4BFC-AAFD-5E0F24F8918F}.CD_ROM|x86.ActiveCfg = Release|Any CPU
		{667DA2ED-36E7-4BFC-AAFD-5E0F24F8918F}.CD_ROM|x86.Build.0 = Release|Any CPU
		{667DA2ED-36E7-4BFC-AAFD-5E0F24F8918F}.Debug|Any CPU.ActiveCfg = Debug|Any CPU
		{667DA2ED-36E7-4BFC-AAFD-5E0F24F8918F}.Debug|Any CPU.Build.0 = Debug|Any CPU
		{667DA2ED-36E7-4BFC-AAFD-5E0F24F8918F}.Debug|x64.ActiveCfg = Debug|Any CPU
		{667DA2ED-36E7-4BFC-AAFD-5E0F24F8918F}.Debug|x64.Build.0 = Debug|Any CPU
		{667DA2ED-36E7-4BFC-AAFD-5E0F24F8918F}.Debug|x86.ActiveCfg = Debug|Any CPU
		{667DA2ED-36E7-4BFC-AAFD-5E0F24F8918F}.Debug|x86.Build.0 = Debug|Any CPU
		{667DA2ED-36E7-4BFC-AAFD-5E0F24F8918F}.DVD-5|Any CPU.ActiveCfg = Debug|Any CPU
		{667DA2ED-36E7-4BFC-AAFD-5E0F24F8918F}.DVD-5|Any CPU.Build.0 = Debug|Any CPU
		{667DA2ED-36E7-4BFC-AAFD-5E0F24F8918F}.DVD-5|x64.ActiveCfg = Debug|Any CPU
		{667DA2ED-36E7-4BFC-AAFD-5E0F24F8918F}.DVD-5|x64.Build.0 = Debug|Any CPU
		{667DA2ED-36E7-4BFC-AAFD-5E0F24F8918F}.DVD-5|x86.ActiveCfg = Debug|Any CPU
		{667DA2ED-36E7-4BFC-AAFD-5E0F24F8918F}.DVD-5|x86.Build.0 = Debug|Any CPU
		{667DA2ED-36E7-4BFC-AAFD-5E0F24F8918F}.Release|Any CPU.ActiveCfg = Release|Any CPU
		{667DA2ED-36E7-4BFC-AAFD-5E0F24F8918F}.Release|Any CPU.Build.0 = Release|Any CPU
		{667DA2ED-36E7-4BFC-AAFD-5E0F24F8918F}.Release|x64.ActiveCfg = Release|Any CPU
		{667DA2ED-36E7-4BFC-AAFD-5E0F24F8918F}.Release|x64.Build.0 = Release|Any CPU
		{667DA2ED-36E7-4BFC-AAFD-5E0F24F8918F}.Release|x86.ActiveCfg = Release|Any CPU
		{667DA2ED-36E7-4BFC-AAFD-5E0F24F8918F}.Release|x86.Build.0 = Release|Any CPU
		{667DA2ED-36E7-4BFC-AAFD-5E0F24F8918F}.SingleImage|Any CPU.ActiveCfg = Release|Any CPU
		{667DA2ED-36E7-4BFC-AAFD-5E0F24F8918F}.SingleImage|Any CPU.Build.0 = Release|Any CPU
		{667DA2ED-36E7-4BFC-AAFD-5E0F24F8918F}.SingleImage|x64.ActiveCfg = Release|Any CPU
		{667DA2ED-36E7-4BFC-AAFD-5E0F24F8918F}.SingleImage|x64.Build.0 = Release|Any CPU
		{667DA2ED-36E7-4BFC-AAFD-5E0F24F8918F}.SingleImage|x86.ActiveCfg = Release|Any CPU
		{667DA2ED-36E7-4BFC-AAFD-5E0F24F8918F}.SingleImage|x86.Build.0 = Release|Any CPU
		{C49588C6-DB55-4B73-A238-0803C40EACBD}.CD_ROM|Any CPU.ActiveCfg = Release|Any CPU
		{C49588C6-DB55-4B73-A238-0803C40EACBD}.CD_ROM|Any CPU.Build.0 = Release|Any CPU
		{C49588C6-DB55-4B73-A238-0803C40EACBD}.CD_ROM|x64.ActiveCfg = Release|Any CPU
		{C49588C6-DB55-4B73-A238-0803C40EACBD}.CD_ROM|x64.Build.0 = Release|Any CPU
		{C49588C6-DB55-4B73-A238-0803C40EACBD}.CD_ROM|x86.ActiveCfg = Release|Any CPU
		{C49588C6-DB55-4B73-A238-0803C40EACBD}.CD_ROM|x86.Build.0 = Release|Any CPU
		{C49588C6-DB55-4B73-A238-0803C40EACBD}.Debug|Any CPU.ActiveCfg = Debug|Any CPU
		{C49588C6-DB55-4B73-A238-0803C40EACBD}.Debug|Any CPU.Build.0 = Debug|Any CPU
		{C49588C6-DB55-4B73-A238-0803C40EACBD}.Debug|x64.ActiveCfg = Debug|Any CPU
		{C49588C6-DB55-4B73-A238-0803C40EACBD}.Debug|x64.Build.0 = Debug|Any CPU
		{C49588C6-DB55-4B73-A238-0803C40EACBD}.Debug|x86.ActiveCfg = Debug|Any CPU
		{C49588C6-DB55-4B73-A238-0803C40EACBD}.Debug|x86.Build.0 = Debug|Any CPU
		{C49588C6-DB55-4B73-A238-0803C40EACBD}.DVD-5|Any CPU.ActiveCfg = Debug|Any CPU
		{C49588C6-DB55-4B73-A238-0803C40EACBD}.DVD-5|Any CPU.Build.0 = Debug|Any CPU
		{C49588C6-DB55-4B73-A238-0803C40EACBD}.DVD-5|x64.ActiveCfg = Debug|Any CPU
		{C49588C6-DB55-4B73-A238-0803C40EACBD}.DVD-5|x64.Build.0 = Debug|Any CPU
		{C49588C6-DB55-4B73-A238-0803C40EACBD}.DVD-5|x86.ActiveCfg = Debug|Any CPU
		{C49588C6-DB55-4B73-A238-0803C40EACBD}.DVD-5|x86.Build.0 = Debug|Any CPU
		{C49588C6-DB55-4B73-A238-0803C40EACBD}.Release|Any CPU.ActiveCfg = Release|Any CPU
		{C49588C6-DB55-4B73-A238-0803C40EACBD}.Release|Any CPU.Build.0 = Release|Any CPU
		{C49588C6-DB55-4B73-A238-0803C40EACBD}.Release|x64.ActiveCfg = Release|Any CPU
		{C49588C6-DB55-4B73-A238-0803C40EACBD}.Release|x64.Build.0 = Release|Any CPU
		{C49588C6-DB55-4B73-A238-0803C40EACBD}.Release|x86.ActiveCfg = Release|Any CPU
		{C49588C6-DB55-4B73-A238-0803C40EACBD}.Release|x86.Build.0 = Release|Any CPU
		{C49588C6-DB55-4B73-A238-0803C40EACBD}.SingleImage|Any CPU.ActiveCfg = Release|Any CPU
		{C49588C6-DB55-4B73-A238-0803C40EACBD}.SingleImage|Any CPU.Build.0 = Release|Any CPU
		{C49588C6-DB55-4B73-A238-0803C40EACBD}.SingleImage|x64.ActiveCfg = Release|Any CPU
		{C49588C6-DB55-4B73-A238-0803C40EACBD}.SingleImage|x64.Build.0 = Release|Any CPU
		{C49588C6-DB55-4B73-A238-0803C40EACBD}.SingleImage|x86.ActiveCfg = Release|Any CPU
		{C49588C6-DB55-4B73-A238-0803C40EACBD}.SingleImage|x86.Build.0 = Release|Any CPU
	EndGlobalSection
	GlobalSection(SolutionProperties) = preSolution
		HideSolutionNode = FALSE
	EndGlobalSection
	GlobalSection(ExtensibilityGlobals) = postSolution
		SolutionGuid = {2368F7CB-A943-418E-8228-767A2AFD1539}
	EndGlobalSection
EndGlobal
